
Microsoft Visual Studio Solution File, Format Version 12.00
# Visual Studio Version 17
VisualStudioVersion = 17.8.34525.116
MinimumVisualStudioVersion = 10.0.40219.1
Project("{FAE04EC0-301F-11D3-BF4B-00C04F79EFBC}") = "homework3", "homework3\homework3.csproj", "{A4190B99-3EDB-4CE3-B076-0C3B4562D80A}"
EndProject
Global
	GlobalSection(SolutionConfigurationPlatforms) = preSolution
		Debug|Any CPU = Debug|Any CPU
		Release|Any CPU = Release|Any CPU
	EndGlobalSection
	GlobalSection(ProjectConfigurationPlatforms) = postSolution
		{A4190B99-3EDB-4CE3-B076-0C3B4562D80A}.Debug|Any CPU.ActiveCfg = Debug|Any CPU
		{A4190B99-3EDB-4CE3-B076-0C3B4562D80A}.Debug|Any CPU.Build.0 = Debug|Any CPU
		{A4190B99-3EDB-4CE3-B076-0C3B4562D80A}.Release|Any CPU.ActiveCfg = Release|Any CPU
		{A4190B99-3EDB-4CE3-B076-0C3B4562D80A}.Release|Any CPU.Build.0 = Release|Any CPU
	EndGlobalSection
	GlobalSection(SolutionProperties) = preSolution
		HideSolutionNode = FALSE
	EndGlobalSection
	GlobalSection(ExtensibilityGlobals) = postSolution
		SolutionGuid = {36598929-D89D-4C0F-A945-6DEE132358EE}
	EndGlobalSection
EndGlobal
